{
  "pins" : [
    {
      "identity" : "ios-branch-sdk-spm",
      "kind" : "remoteSourceControl",
      "location" : "https://github.com/BranchMetrics/ios-branch-sdk-spm",
      "state" : {
        "revision" : "e1a21fc9112bcd63c28bb1d5e6a7dfd626548e5a",
        "version" : "2.1.0"
      }
    }
  ],
  "version" : 2
}
